// !$*UTF8*$!
{
	archiveVersion = 1;
	classes = {
	};
	objectVersion = 56;
	objects = {

/* Begin PBXBuildFile section */
		3F0BE6942BD1FA9E009C8275 /* FavoriteButton.swift in Sources */ = {isa = PBXBuildFile; fileRef = 3F0BE6932BD1FA9E009C8275 /* FavoriteButton.swift */; };
		3F0BE6982BD1FF87009C8275 /* HexagonParameters.swift in Sources */ = {isa = PBXBuildFile; fileRef = 3F0BE6972BD1FF87009C8275 /* HexagonParameters.swift */; };
		3F0BE69A2BD2005A009C8275 /* BadgeBackground.swift in Sources */ = {isa = PBXBuildFile; fileRef = 3F0BE6992BD2005A009C8275 /* BadgeBackground.swift */; };
		3F0BE69C2BD203B1009C8275 /* BadgeSymbol.swift in Sources */ = {isa = PBXBuildFile; fileRef = 3F0BE69B2BD203B1009C8275 /* BadgeSymbol.swift */; };
		3F0BE69E2BD20465009C8275 /* RotatedBadgeSymbol.swift in Sources */ = {isa = PBXBuildFile; fileRef = 3F0BE69D2BD20465009C8275 /* RotatedBadgeSymbol.swift */; };
		3F0BE6A12BD204CE009C8275 /* Badge.swift in Sources */ = {isa = PBXBuildFile; fileRef = 3F0BE6A02BD204CE009C8275 /* Badge.swift */; };
		3F0BE6A62BD206B4009C8275 /* hikeData.json in Resources */ = {isa = PBXBuildFile; fileRef = 3F0BE6A52BD206B4009C8275 /* hikeData.json */; };
		3F0BE6A82BD206D3009C8275 /* Hike.swift in Sources */ = {isa = PBXBuildFile; fileRef = 3F0BE6A72BD206D3009C8275 /* Hike.swift */; };
		3F0BE6B02BD207BA009C8275 /* GraphCapsule.swift in Sources */ = {isa = PBXBuildFile; fileRef = 3F0BE6AC2BD207BA009C8275 /* GraphCapsule.swift */; };
		3F0BE6B12BD207BA009C8275 /* HikeGraph.swift in Sources */ = {isa = PBXBuildFile; fileRef = 3F0BE6AD2BD207BA009C8275 /* HikeGraph.swift */; };
		3F0BE6B22BD207BA009C8275 /* HikeDetail.swift in Sources */ = {isa = PBXBuildFile; fileRef = 3F0BE6AE2BD207BA009C8275 /* HikeDetail.swift */; };
		3F0BE6B32BD207BA009C8275 /* HikeView.swift in Sources */ = {isa = PBXBuildFile; fileRef = 3F0BE6AF2BD207BA009C8275 /* HikeView.swift */; };
		3F0BE6B82BD20D4E009C8275 /* CategoryHome.swift in Sources */ = {isa = PBXBuildFile; fileRef = 3F0BE6B72BD20D4E009C8275 /* CategoryHome.swift */; };
		3F0BE6BA2BD20E41009C8275 /* CategoryRow.swift in Sources */ = {isa = PBXBuildFile; fileRef = 3F0BE6B92BD20E41009C8275 /* CategoryRow.swift */; };
		3F0BE6BC2BD20F7C009C8275 /* CategoryItem.swift in Sources */ = {isa = PBXBuildFile; fileRef = 3F0BE6BB2BD20F7C009C8275 /* CategoryItem.swift */; };
		3F0BE6BE2BD21480009C8275 /* Profile.swift in Sources */ = {isa = PBXBuildFile; fileRef = 3F0BE6BD2BD21480009C8275 /* Profile.swift */; };
		3F0BE6C12BD214A5009C8275 /* ProfileHost.swift in Sources */ = {isa = PBXBuildFile; fileRef = 3F0BE6C02BD214A5009C8275 /* ProfileHost.swift */; };
		3F0BE6C52BD21568009C8275 /* ProfileSummary.swift in Sources */ = {isa = PBXBuildFile; fileRef = 3F0BE6C42BD21568009C8275 /* ProfileSummary.swift */; };
		3F0BE6C72BD215C2009C8275 /* HikeBadge.swift in Sources */ = {isa = PBXBuildFile; fileRef = 3F0BE6C62BD215C2009C8275 /* HikeBadge.swift */; };
		3F0BE6C92BD22144009C8275 /* ProfileEditor.swift in Sources */ = {isa = PBXBuildFile; fileRef = 3F0BE6C82BD22144009C8275 /* ProfileEditor.swift */; };
		3F70C6252BD0DEC500D4D0F1 /* LandmarksApp.swift in Sources */ = {isa = PBXBuildFile; fileRef = 3F70C6242BD0DEC500D4D0F1 /* LandmarksApp.swift */; };
		3F70C6272BD0DEC500D4D0F1 /* ContentView.swift in Sources */ = {isa = PBXBuildFile; fileRef = 3F70C6262BD0DEC500D4D0F1 /* ContentView.swift */; };
		3F70C6292BD0DEC700D4D0F1 /* Assets.xcassets in Resources */ = {isa = PBXBuildFile; fileRef = 3F70C6282BD0DEC700D4D0F1 /* Assets.xcassets */; };
		3F70C62C2BD0DEC700D4D0F1 /* Preview Assets.xcassets in Resources */ = {isa = PBXBuildFile; fileRef = 3F70C62B2BD0DEC700D4D0F1 /* Preview Assets.xcassets */; };
		3F70C6332BD0E13800D4D0F1 /* CircleImage.swift in Sources */ = {isa = PBXBuildFile; fileRef = 3F70C6322BD0E13800D4D0F1 /* CircleImage.swift */; };
		3F70C6352BD0E25200D4D0F1 /* MapView.swift in Sources */ = {isa = PBXBuildFile; fileRef = 3F70C6342BD0E25200D4D0F1 /* MapView.swift */; };
		3F70C6372BD0E65E00D4D0F1 /* landmarkData.json in Resources */ = {isa = PBXBuildFile; fileRef = 3F70C6362BD0E65E00D4D0F1 /* landmarkData.json */; };
		3F70C6392BD0E67800D4D0F1 /* Landmark.swift in Sources */ = {isa = PBXBuildFile; fileRef = 3F70C6382BD0E67800D4D0F1 /* Landmark.swift */; };
		3F70C63B2BD0E86B00D4D0F1 /* ModelData.swift in Sources */ = {isa = PBXBuildFile; fileRef = 3F70C63A2BD0E86B00D4D0F1 /* ModelData.swift */; };
		3F70C6402BD0E96300D4D0F1 /* LandmarkRow.swift in Sources */ = {isa = PBXBuildFile; fileRef = 3F70C63F2BD0E96300D4D0F1 /* LandmarkRow.swift */; };
		3F70C6422BD0ECA200D4D0F1 /* LandmarkList.swift in Sources */ = {isa = PBXBuildFile; fileRef = 3F70C6412BD0ECA200D4D0F1 /* LandmarkList.swift */; };
		3F70C6442BD0EE1500D4D0F1 /* LandmarkDetail.swift in Sources */ = {isa = PBXBuildFile; fileRef = 3F70C6432BD0EE1500D4D0F1 /* LandmarkDetail.swift */; };
		3FC50E412BE359F700D53FAD /* PageViewController.swift in Sources */ = {isa = PBXBuildFile; fileRef = 3FC50E402BE359F700D53FAD /* PageViewController.swift */; };
		3FC50E432BE35B1E00D53FAD /* FeatureCard.swift in Sources */ = {isa = PBXBuildFile; fileRef = 3FC50E422BE35B1E00D53FAD /* FeatureCard.swift */; };
		3FC50E452BE35B5F00D53FAD /* PageView.swift in Sources */ = {isa = PBXBuildFile; fileRef = 3FC50E442BE35B5F00D53FAD /* PageView.swift */; };
		3FC50E472BE35D7900D53FAD /* PageControl.swift in Sources */ = {isa = PBXBuildFile; fileRef = 3FC50E462BE35D7900D53FAD /* PageControl.swift */; };
		3FC50E512BE35F7B00D53FAD /* ContentView.swift in Sources */ = {isa = PBXBuildFile; fileRef = 3FC50E502BE35F7B00D53FAD /* ContentView.swift */; };
		3FC50E532BE35F7C00D53FAD /* Assets.xcassets in Resources */ = {isa = PBXBuildFile; fileRef = 3FC50E522BE35F7C00D53FAD /* Assets.xcassets */; };
		3FC50E562BE35F7C00D53FAD /* Preview Assets.xcassets in Resources */ = {isa = PBXBuildFile; fileRef = 3FC50E552BE35F7C00D53FAD /* Preview Assets.xcassets */; };
		3FC50E592BE35F7C00D53FAD /* WatchLandmarks Watch App.app in Embed Watch Content */ = {isa = PBXBuildFile; fileRef = 3FC50E4C2BE35F7B00D53FAD /* WatchLandmarks Watch App.app */; settings = {ATTRIBUTES = (RemoveHeadersOnCopy, ); }; };
		3FC50E5E2BE3646500D53FAD /* hikeData.json in Resources */ = {isa = PBXBuildFile; fileRef = 3F0BE6A52BD206B4009C8275 /* hikeData.json */; };
		3FC50E5F2BE3646500D53FAD /* landmarkData.json in Resources */ = {isa = PBXBuildFile; fileRef = 3F70C6362BD0E65E00D4D0F1 /* landmarkData.json */; };
		3FC50E602BE3646500D53FAD /* Assets.xcassets in Resources */ = {isa = PBXBuildFile; fileRef = 3F70C6282BD0DEC700D4D0F1 /* Assets.xcassets */; };
		3FC50E612BE3646500D53FAD /* ModelData.swift in Sources */ = {isa = PBXBuildFile; fileRef = 3F70C63A2BD0E86B00D4D0F1 /* ModelData.swift */; };
		3FC50E622BE3646500D53FAD /* Profile.swift in Sources */ = {isa = PBXBuildFile; fileRef = 3F0BE6BD2BD21480009C8275 /* Profile.swift */; };
		3FC50E632BE3646500D53FAD /* Hike.swift in Sources */ = {isa = PBXBuildFile; fileRef = 3F0BE6A72BD206D3009C8275 /* Hike.swift */; };
		3FC50E642BE3646500D53FAD /* CircleImage.swift in Sources */ = {isa = PBXBuildFile; fileRef = 3F70C6322BD0E13800D4D0F1 /* CircleImage.swift */; };
		3FC50E652BE3646500D53FAD /* Landmark.swift in Sources */ = {isa = PBXBuildFile; fileRef = 3F70C6382BD0E67800D4D0F1 /* Landmark.swift */; };
		3FC50E662BE3646500D53FAD /* LandmarksApp.swift in Sources */ = {isa = PBXBuildFile; fileRef = 3F70C6242BD0DEC500D4D0F1 /* LandmarksApp.swift */; };
		3FC50E672BE3646500D53FAD /* LandmarkList.swift in Sources */ = {isa = PBXBuildFile; fileRef = 3F70C6412BD0ECA200D4D0F1 /* LandmarkList.swift */; };
		3FC50E682BE3646500D53FAD /* LandmarkRow.swift in Sources */ = {isa = PBXBuildFile; fileRef = 3F70C63F2BD0E96300D4D0F1 /* LandmarkRow.swift */; };
		3FC50E692BE3646500D53FAD /* MapView.swift in Sources */ = {isa = PBXBuildFile; fileRef = 3F70C6342BD0E25200D4D0F1 /* MapView.swift */; };
		3FC50E6F2BE3655A00D53FAD /* LandmarkDetail.swift in Sources */ = {isa = PBXBuildFile; fileRef = 3FC50E6E2BE3655A00D53FAD /* LandmarkDetail.swift */; };
		3FC50E712BE367A400D53FAD /* NotificationView.swift in Sources */ = {isa = PBXBuildFile; fileRef = 3FC50E702BE367A400D53FAD /* NotificationView.swift */; };
		3FC50E732BE367D700D53FAD /* NotificationController.swift in Sources */ = {isa = PBXBuildFile; fileRef = 3FC50E722BE367D700D53FAD /* NotificationController.swift */; };
/* End PBXBuildFile section */

/* Begin PBXContainerItemProxy section */
		3FC50E572BE35F7C00D53FAD /* PBXContainerItemProxy */ = {
			isa = PBXContainerItemProxy;
			containerPortal = 3F70C6192BD0DEC500D4D0F1 /* Project object */;
			proxyType = 1;
			remoteGlobalIDString = 3FC50E4B2BE35F7B00D53FAD;
			remoteInfo = "WatchLandmarks Watch App";
		};
/* End PBXContainerItemProxy section */

/* Begin PBXCopyFilesBuildPhase section */
		3FC50E5D2BE35F7C00D53FAD /* Embed Watch Content */ = {
			isa = PBXCopyFilesBuildPhase;
			buildActionMask = 2147483647;
			dstPath = "$(CONTENTS_FOLDER_PATH)/Watch";
			dstSubfolderSpec = 16;
			files = (
				3FC50E592BE35F7C00D53FAD /* WatchLandmarks Watch App.app in Embed Watch Content */,
			);
			name = "Embed Watch Content";
			runOnlyForDeploymentPostprocessing = 0;
		};
/* End PBXCopyFilesBuildPhase section */

/* Begin PBXFileReference section */
		3F0BE6932BD1FA9E009C8275 /* FavoriteButton.swift */ = {isa = PBXFileReference; lastKnownFileType = sourcecode.swift; path = FavoriteButton.swift; sourceTree = "<group>"; };
		3F0BE6972BD1FF87009C8275 /* HexagonParameters.swift */ = {isa = PBXFileReference; lastKnownFileType = sourcecode.swift; path = HexagonParameters.swift; sourceTree = "<group>"; };
		3F0BE6992BD2005A009C8275 /* BadgeBackground.swift */ = {isa = PBXFileReference; lastKnownFileType = sourcecode.swift; path = BadgeBackground.swift; sourceTree = "<group>"; };
		3F0BE69B2BD203B1009C8275 /* BadgeSymbol.swift */ = {isa = PBXFileReference; lastKnownFileType = sourcecode.swift; path = BadgeSymbol.swift; sourceTree = "<group>"; };
		3F0BE69D2BD20465009C8275 /* RotatedBadgeSymbol.swift */ = {isa = PBXFileReference; lastKnownFileType = sourcecode.swift; path = RotatedBadgeSymbol.swift; sourceTree = "<group>"; };
		3F0BE6A02BD204CE009C8275 /* Badge.swift */ = {isa = PBXFileReference; lastKnownFileType = sourcecode.swift; path = Badge.swift; sourceTree = "<group>"; };
		3F0BE6A52BD206B4009C8275 /* hikeData.json */ = {isa = PBXFileReference; fileEncoding = 4; lastKnownFileType = text.json; path = hikeData.json; sourceTree = "<group>"; };
		3F0BE6A72BD206D3009C8275 /* Hike.swift */ = {isa = PBXFileReference; lastKnownFileType = sourcecode.swift; path = Hike.swift; sourceTree = "<group>"; };
		3F0BE6AC2BD207BA009C8275 /* GraphCapsule.swift */ = {isa = PBXFileReference; fileEncoding = 4; lastKnownFileType = sourcecode.swift; path = GraphCapsule.swift; sourceTree = "<group>"; };
		3F0BE6AD2BD207BA009C8275 /* HikeGraph.swift */ = {isa = PBXFileReference; fileEncoding = 4; lastKnownFileType = sourcecode.swift; path = HikeGraph.swift; sourceTree = "<group>"; };
		3F0BE6AE2BD207BA009C8275 /* HikeDetail.swift */ = {isa = PBXFileReference; fileEncoding = 4; lastKnownFileType = sourcecode.swift; path = HikeDetail.swift; sourceTree = "<group>"; };
		3F0BE6AF2BD207BA009C8275 /* HikeView.swift */ = {isa = PBXFileReference; fileEncoding = 4; lastKnownFileType = sourcecode.swift; path = HikeView.swift; sourceTree = "<group>"; };
		3F0BE6B72BD20D4E009C8275 /* CategoryHome.swift */ = {isa = PBXFileReference; lastKnownFileType = sourcecode.swift; path = CategoryHome.swift; sourceTree = "<group>"; };
		3F0BE6B92BD20E41009C8275 /* CategoryRow.swift */ = {isa = PBXFileReference; lastKnownFileType = sourcecode.swift; path = CategoryRow.swift; sourceTree = "<group>"; };
		3F0BE6BB2BD20F7C009C8275 /* CategoryItem.swift */ = {isa = PBXFileReference; lastKnownFileType = sourcecode.swift; path = CategoryItem.swift; sourceTree = "<group>"; };
		3F0BE6BD2BD21480009C8275 /* Profile.swift */ = {isa = PBXFileReference; lastKnownFileType = sourcecode.swift; path = Profile.swift; sourceTree = "<group>"; };
		3F0BE6C02BD214A5009C8275 /* ProfileHost.swift */ = {isa = PBXFileReference; lastKnownFileType = sourcecode.swift; path = ProfileHost.swift; sourceTree = "<group>"; };
		3F0BE6C42BD21568009C8275 /* ProfileSummary.swift */ = {isa = PBXFileReference; lastKnownFileType = sourcecode.swift; path = ProfileSummary.swift; sourceTree = "<group>"; };
		3F0BE6C62BD215C2009C8275 /* HikeBadge.swift */ = {isa = PBXFileReference; lastKnownFileType = sourcecode.swift; path = HikeBadge.swift; sourceTree = "<group>"; };
		3F0BE6C82BD22144009C8275 /* ProfileEditor.swift */ = {isa = PBXFileReference; lastKnownFileType = sourcecode.swift; path = ProfileEditor.swift; sourceTree = "<group>"; };
		3F70C6212BD0DEC500D4D0F1 /* Landmarks.app */ = {isa = PBXFileReference; explicitFileType = wrapper.application; includeInIndex = 0; path = Landmarks.app; sourceTree = BUILT_PRODUCTS_DIR; };
		3F70C6242BD0DEC500D4D0F1 /* LandmarksApp.swift */ = {isa = PBXFileReference; lastKnownFileType = sourcecode.swift; path = LandmarksApp.swift; sourceTree = "<group>"; };
		3F70C6262BD0DEC500D4D0F1 /* ContentView.swift */ = {isa = PBXFileReference; lastKnownFileType = sourcecode.swift; path = ContentView.swift; sourceTree = "<group>"; };
		3F70C6282BD0DEC700D4D0F1 /* Assets.xcassets */ = {isa = PBXFileReference; lastKnownFileType = folder.assetcatalog; path = Assets.xcassets; sourceTree = "<group>"; };
		3F70C62B2BD0DEC700D4D0F1 /* Preview Assets.xcassets */ = {isa = PBXFileReference; lastKnownFileType = folder.assetcatalog; path = "Preview Assets.xcassets"; sourceTree = "<group>"; };
		3F70C6322BD0E13800D4D0F1 /* CircleImage.swift */ = {isa = PBXFileReference; lastKnownFileType = sourcecode.swift; path = CircleImage.swift; sourceTree = "<group>"; };
		3F70C6342BD0E25200D4D0F1 /* MapView.swift */ = {isa = PBXFileReference; lastKnownFileType = sourcecode.swift; path = MapView.swift; sourceTree = "<group>"; };
		3F70C6362BD0E65E00D4D0F1 /* landmarkData.json */ = {isa = PBXFileReference; fileEncoding = 4; lastKnownFileType = text.json; path = landmarkData.json; sourceTree = "<group>"; };
		3F70C6382BD0E67800D4D0F1 /* Landmark.swift */ = {isa = PBXFileReference; lastKnownFileType = sourcecode.swift; path = Landmark.swift; sourceTree = "<group>"; };
		3F70C63A2BD0E86B00D4D0F1 /* ModelData.swift */ = {isa = PBXFileReference; lastKnownFileType = sourcecode.swift; path = ModelData.swift; sourceTree = "<group>"; };
		3F70C63F2BD0E96300D4D0F1 /* LandmarkRow.swift */ = {isa = PBXFileReference; lastKnownFileType = sourcecode.swift; path = LandmarkRow.swift; sourceTree = "<group>"; };
		3F70C6412BD0ECA200D4D0F1 /* LandmarkList.swift */ = {isa = PBXFileReference; lastKnownFileType = sourcecode.swift; path = LandmarkList.swift; sourceTree = "<group>"; };
		3F70C6432BD0EE1500D4D0F1 /* LandmarkDetail.swift */ = {isa = PBXFileReference; lastKnownFileType = sourcecode.swift; path = LandmarkDetail.swift; sourceTree = "<group>"; };
		3FC50E402BE359F700D53FAD /* PageViewController.swift */ = {isa = PBXFileReference; lastKnownFileType = sourcecode.swift; path = PageViewController.swift; sourceTree = "<group>"; };
		3FC50E422BE35B1E00D53FAD /* FeatureCard.swift */ = {isa = PBXFileReference; lastKnownFileType = sourcecode.swift; path = FeatureCard.swift; sourceTree = "<group>"; };
		3FC50E442BE35B5F00D53FAD /* PageView.swift */ = {isa = PBXFileReference; lastKnownFileType = sourcecode.swift; path = PageView.swift; sourceTree = "<group>"; };
		3FC50E462BE35D7900D53FAD /* PageControl.swift */ = {isa = PBXFileReference; lastKnownFileType = sourcecode.swift; path = PageControl.swift; sourceTree = "<group>"; };
		3FC50E4C2BE35F7B00D53FAD /* WatchLandmarks Watch App.app */ = {isa = PBXFileReference; explicitFileType = wrapper.application; includeInIndex = 0; path = "WatchLandmarks Watch App.app"; sourceTree = BUILT_PRODUCTS_DIR; };
		3FC50E502BE35F7B00D53FAD /* ContentView.swift */ = {isa = PBXFileReference; lastKnownFileType = sourcecode.swift; path = ContentView.swift; sourceTree = "<group>"; };
		3FC50E522BE35F7C00D53FAD /* Assets.xcassets */ = {isa = PBXFileReference; lastKnownFileType = folder.assetcatalog; path = Assets.xcassets; sourceTree = "<group>"; };
		3FC50E552BE35F7C00D53FAD /* Preview Assets.xcassets */ = {isa = PBXFileReference; lastKnownFileType = folder.assetcatalog; path = "Preview Assets.xcassets"; sourceTree = "<group>"; };
		3FC50E6E2BE3655A00D53FAD /* LandmarkDetail.swift */ = {isa = PBXFileReference; lastKnownFileType = sourcecode.swift; path = LandmarkDetail.swift; sourceTree = "<group>"; };
		3FC50E702BE367A400D53FAD /* NotificationView.swift */ = {isa = PBXFileReference; lastKnownFileType = sourcecode.swift; path = NotificationView.swift; sourceTree = "<group>"; };
		3FC50E722BE367D700D53FAD /* NotificationController.swift */ = {isa = PBXFileReference; lastKnownFileType = sourcecode.swift; path = NotificationController.swift; sourceTree = "<group>"; };
		3FC50E742BE368CC00D53FAD /* PushNotificationPayload.apns */ = {isa = PBXFileReference; lastKnownFileType = text; path = PushNotificationPayload.apns; sourceTree = "<group>"; };
/* End PBXFileReference section */

/* Begin PBXFrameworksBuildPhase section */
		3F70C61E2BD0DEC500D4D0F1 /* Frameworks */ = {
			isa = PBXFrameworksBuildPhase;
			buildActionMask = 2147483647;
			files = (
			);
			runOnlyForDeploymentPostprocessing = 0;
		};
		3FC50E492BE35F7B00D53FAD /* Frameworks */ = {
			isa = PBXFrameworksBuildPhase;
			buildActionMask = 2147483647;
			files = (
			);
			runOnlyForDeploymentPostprocessing = 0;
		};
/* End PBXFrameworksBuildPhase section */

/* Begin PBXGroup section */
		3F0BE6952BD1FB37009C8275 /* Landmarks */ = {
			isa = PBXGroup;
			children = (
				3F70C63F2BD0E96300D4D0F1 /* LandmarkRow.swift */,
				3F70C6412BD0ECA200D4D0F1 /* LandmarkList.swift */,
				3F70C6432BD0EE1500D4D0F1 /* LandmarkDetail.swift */,
			);
			path = Landmarks;
			sourceTree = "<group>";
		};
		3F0BE6962BD1FB3F009C8275 /* Helper */ = {
			isa = PBXGroup;
			children = (
				3F0BE6932BD1FA9E009C8275 /* FavoriteButton.swift */,
				3F70C6322BD0E13800D4D0F1 /* CircleImage.swift */,
				3F70C6342BD0E25200D4D0F1 /* MapView.swift */,
			);
			path = Helper;
			sourceTree = "<group>";
		};
		3F0BE6A22BD2056C009C8275 /* Badges */ = {
			isa = PBXGroup;
			children = (
				3F0BE6A02BD204CE009C8275 /* Badge.swift */,
				3F0BE69D2BD20465009C8275 /* RotatedBadgeSymbol.swift */,
				3F0BE69B2BD203B1009C8275 /* BadgeSymbol.swift */,
				3F0BE6992BD2005A009C8275 /* BadgeBackground.swift */,
				3F0BE6972BD1FF87009C8275 /* HexagonParameters.swift */,
			);
			path = Badges;
			sourceTree = "<group>";
		};
		3F0BE6AB2BD207BA009C8275 /* Hikes */ = {
			isa = PBXGroup;
			children = (
				3F0BE6AC2BD207BA009C8275 /* GraphCapsule.swift */,
				3F0BE6AD2BD207BA009C8275 /* HikeGraph.swift */,
				3F0BE6AE2BD207BA009C8275 /* HikeDetail.swift */,
				3F0BE6AF2BD207BA009C8275 /* HikeView.swift */,
				3F0BE6C62BD215C2009C8275 /* HikeBadge.swift */,
			);
			path = Hikes;
			sourceTree = "<group>";
		};
		3F0BE6B42BD20BFE009C8275 /* Categories */ = {
			isa = PBXGroup;
			children = (
				3F0BE6B72BD20D4E009C8275 /* CategoryHome.swift */,
				3F0BE6B92BD20E41009C8275 /* CategoryRow.swift */,
				3F0BE6BB2BD20F7C009C8275 /* CategoryItem.swift */,
			);
			path = Categories;
			sourceTree = "<group>";
		};
		3F0BE6BF2BD21492009C8275 /* Profiles */ = {
			isa = PBXGroup;
			children = (
				3F0BE6C02BD214A5009C8275 /* ProfileHost.swift */,
				3F0BE6C42BD21568009C8275 /* ProfileSummary.swift */,
				3F0BE6C82BD22144009C8275 /* ProfileEditor.swift */,
			);
			path = Profiles;
			sourceTree = "<group>";
		};
		3F70C6182BD0DEC500D4D0F1 = {
			isa = PBXGroup;
			children = (
				3F70C6232BD0DEC500D4D0F1 /* Landmarks */,
				3FC50E4D2BE35F7B00D53FAD /* WatchLandmarks Watch App */,
				3F70C6222BD0DEC500D4D0F1 /* Products */,
			);
			sourceTree = "<group>";
		};
		3F70C6222BD0DEC500D4D0F1 /* Products */ = {
			isa = PBXGroup;
			children = (
				3F70C6212BD0DEC500D4D0F1 /* Landmarks.app */,
				3FC50E4C2BE35F7B00D53FAD /* WatchLandmarks Watch App.app */,
			);
			name = Products;
			sourceTree = "<group>";
		};
		3F70C6232BD0DEC500D4D0F1 /* Landmarks */ = {
			isa = PBXGroup;
			children = (
				3F70C6242BD0DEC500D4D0F1 /* LandmarksApp.swift */,
				3F70C63C2BD0E8D400D4D0F1 /* Views */,
				3F70C63D2BD0E8F600D4D0F1 /* Model */,
				3F70C63E2BD0E90A00D4D0F1 /* Resources */,
				3F70C6282BD0DEC700D4D0F1 /* Assets.xcassets */,
				3F70C62A2BD0DEC700D4D0F1 /* Preview Content */,
			);
			path = Landmarks;
			sourceTree = "<group>";
		};
		3F70C62A2BD0DEC700D4D0F1 /* Preview Content */ = {
			isa = PBXGroup;
			children = (
				3F70C62B2BD0DEC700D4D0F1 /* Preview Assets.xcassets */,
			);
			path = "Preview Content";
			sourceTree = "<group>";
		};
		3F70C63C2BD0E8D400D4D0F1 /* Views */ = {
			isa = PBXGroup;
			children = (
				3FC50E3F2BE359DA00D53FAD /* PageView */,
				3F70C6262BD0DEC500D4D0F1 /* ContentView.swift */,
				3F0BE6A22BD2056C009C8275 /* Badges */,
				3F0BE6BF2BD21492009C8275 /* Profiles */,
				3F0BE6B42BD20BFE009C8275 /* Categories */,
				3F0BE6AB2BD207BA009C8275 /* Hikes */,
				3F0BE6952BD1FB37009C8275 /* Landmarks */,
				3F0BE6962BD1FB3F009C8275 /* Helper */,
			);
			path = Views;
			sourceTree = "<group>";
		};
		3F70C63D2BD0E8F600D4D0F1 /* Model */ = {
			isa = PBXGroup;
			children = (
				3F70C6382BD0E67800D4D0F1 /* Landmark.swift */,
				3F70C63A2BD0E86B00D4D0F1 /* ModelData.swift */,
				3F0BE6A72BD206D3009C8275 /* Hike.swift */,
				3F0BE6BD2BD21480009C8275 /* Profile.swift */,
			);
			path = Model;
			sourceTree = "<group>";
		};
		3F70C63E2BD0E90A00D4D0F1 /* Resources */ = {
			isa = PBXGroup;
			children = (
				3F0BE6A52BD206B4009C8275 /* hikeData.json */,
				3F70C6362BD0E65E00D4D0F1 /* landmarkData.json */,
			);
			path = Resources;
			sourceTree = "<group>";
		};
		3FC50E3F2BE359DA00D53FAD /* PageView */ = {
			isa = PBXGroup;
			children = (
				3FC50E402BE359F700D53FAD /* PageViewController.swift */,
				3FC50E422BE35B1E00D53FAD /* FeatureCard.swift */,
				3FC50E442BE35B5F00D53FAD /* PageView.swift */,
				3FC50E462BE35D7900D53FAD /* PageControl.swift */,
			);
			path = PageView;
			sourceTree = "<group>";
		};
		3FC50E4D2BE35F7B00D53FAD /* WatchLandmarks Watch App */ = {
			isa = PBXGroup;
			children = (
				3FC50E502BE35F7B00D53FAD /* ContentView.swift */,
				3FC50E522BE35F7C00D53FAD /* Assets.xcassets */,
				3FC50E542BE35F7C00D53FAD /* Preview Content */,
				3FC50E6E2BE3655A00D53FAD /* LandmarkDetail.swift */,
				3FC50E702BE367A400D53FAD /* NotificationView.swift */,
				3FC50E722BE367D700D53FAD /* NotificationController.swift */,
				3FC50E742BE368CC00D53FAD /* PushNotificationPayload.apns */,
			);
			path = "WatchLandmarks Watch App";
			sourceTree = "<group>";
		};
		3FC50E542BE35F7C00D53FAD /* Preview Content */ = {
			isa = PBXGroup;
			children = (
				3FC50E552BE35F7C00D53FAD /* Preview Assets.xcassets */,
			);
			path = "Preview Content";
			sourceTree = "<group>";
		};
/* End PBXGroup section */

/* Begin PBXNativeTarget section */
		3F70C6202BD0DEC500D4D0F1 /* Landmarks */ = {
			isa = PBXNativeTarget;
			buildConfigurationList = 3F70C62F2BD0DEC700D4D0F1 /* Build configuration list for PBXNativeTarget "Landmarks" */;
			buildPhases = (
				3F70C61D2BD0DEC500D4D0F1 /* Sources */,
				3F70C61E2BD0DEC500D4D0F1 /* Frameworks */,
				3F70C61F2BD0DEC500D4D0F1 /* Resources */,
				3FC50E5D2BE35F7C00D53FAD /* Embed Watch Content */,
			);
			buildRules = (
			);
			dependencies = (
				3FC50E582BE35F7C00D53FAD /* PBXTargetDependency */,
			);
			name = Landmarks;
			productName = Landmarks;
			productReference = 3F70C6212BD0DEC500D4D0F1 /* Landmarks.app */;
			productType = "com.apple.product-type.application";
		};
		3FC50E4B2BE35F7B00D53FAD /* WatchLandmarks Watch App */ = {
			isa = PBXNativeTarget;
			buildConfigurationList = 3FC50E5A2BE35F7C00D53FAD /* Build configuration list for PBXNativeTarget "WatchLandmarks Watch App" */;
			buildPhases = (
				3FC50E482BE35F7B00D53FAD /* Sources */,
				3FC50E492BE35F7B00D53FAD /* Frameworks */,
				3FC50E4A2BE35F7B00D53FAD /* Resources */,
			);
			buildRules = (
			);
			dependencies = (
			);
			name = "WatchLandmarks Watch App";
			productName = "WatchLandmarks Watch App";
			productReference = 3FC50E4C2BE35F7B00D53FAD /* WatchLandmarks Watch App.app */;
			productType = "com.apple.product-type.application";
		};
/* End PBXNativeTarget section */

/* Begin PBXProject section */
		3F70C6192BD0DEC500D4D0F1 /* Project object */ = {
			isa = PBXProject;
			attributes = {
				BuildIndependentTargetsInParallel = 1;
				LastSwiftUpdateCheck = 1530;
				LastUpgradeCheck = 1520;
				TargetAttributes = {
					3F70C6202BD0DEC500D4D0F1 = {
						CreatedOnToolsVersion = 15.2;
					};
					3FC50E4B2BE35F7B00D53FAD = {
						CreatedOnToolsVersion = 15.3;
					};
				};
			};
			buildConfigurationList = 3F70C61C2BD0DEC500D4D0F1 /* Build configuration list for PBXProject "Landmarks" */;
			compatibilityVersion = "Xcode 14.0";
			developmentRegion = en;
			hasScannedForEncodings = 0;
			knownRegions = (
				en,
				Base,
			);
			mainGroup = 3F70C6182BD0DEC500D4D0F1;
			productRefGroup = 3F70C6222BD0DEC500D4D0F1 /* Products */;
			projectDirPath = "";
			projectRoot = "";
			targets = (
				3F70C6202BD0DEC500D4D0F1 /* Landmarks */,
				3FC50E4B2BE35F7B00D53FAD /* WatchLandmarks Watch App */,
			);
		};
/* End PBXProject section */

/* Begin PBXResourcesBuildPhase section */
		3F70C61F2BD0DEC500D4D0F1 /* Resources */ = {
			isa = PBXResourcesBuildPhase;
			buildActionMask = 2147483647;
			files = (
				3F0BE6A62BD206B4009C8275 /* hikeData.json in Resources */,
				3F70C62C2BD0DEC700D4D0F1 /* Preview Assets.xcassets in Resources */,
				3F70C6292BD0DEC700D4D0F1 /* Assets.xcassets in Resources */,
				3F70C6372BD0E65E00D4D0F1 /* landmarkData.json in Resources */,
			);
			runOnlyForDeploymentPostprocessing = 0;
		};
		3FC50E4A2BE35F7B00D53FAD /* Resources */ = {
			isa = PBXResourcesBuildPhase;
			buildActionMask = 2147483647;
			files = (
				3FC50E562BE35F7C00D53FAD /* Preview Assets.xcassets in Resources */,
				3FC50E5E2BE3646500D53FAD /* hikeData.json in Resources */,
				3FC50E5F2BE3646500D53FAD /* landmarkData.json in Resources */,
				3FC50E602BE3646500D53FAD /* Assets.xcassets in Resources */,
				3FC50E532BE35F7C00D53FAD /* Assets.xcassets in Resources */,
			);
			runOnlyForDeploymentPostprocessing = 0;
		};
/* End PBXResourcesBuildPhase section */

/* Begin PBXSourcesBuildPhase section */
		3F70C61D2BD0DEC500D4D0F1 /* Sources */ = {
			isa = PBXSourcesBuildPhase;
			buildActionMask = 2147483647;
			files = (
				3F0BE6BA2BD20E41009C8275 /* CategoryRow.swift in Sources */,
				3F0BE6BE2BD21480009C8275 /* Profile.swift in Sources */,
				3F70C6272BD0DEC500D4D0F1 /* ContentView.swift in Sources */,
				3F0BE6B12BD207BA009C8275 /* HikeGraph.swift in Sources */,
				3FC50E432BE35B1E00D53FAD /* FeatureCard.swift in Sources */,
				3F0BE6A12BD204CE009C8275 /* Badge.swift in Sources */,
				3F70C6352BD0E25200D4D0F1 /* MapView.swift in Sources */,
				3F0BE6B82BD20D4E009C8275 /* CategoryHome.swift in Sources */,
				3F0BE6B02BD207BA009C8275 /* GraphCapsule.swift in Sources */,
				3F70C6252BD0DEC500D4D0F1 /* LandmarksApp.swift in Sources */,
				3FC50E472BE35D7900D53FAD /* PageControl.swift in Sources */,
				3F0BE6942BD1FA9E009C8275 /* FavoriteButton.swift in Sources */,
				3F0BE6BC2BD20F7C009C8275 /* CategoryItem.swift in Sources */,
				3F0BE6B22BD207BA009C8275 /* HikeDetail.swift in Sources */,
				3F0BE6C52BD21568009C8275 /* ProfileSummary.swift in Sources */,
				3F0BE6982BD1FF87009C8275 /* HexagonParameters.swift in Sources */,
				3F0BE6C12BD214A5009C8275 /* ProfileHost.swift in Sources */,
				3F0BE6A82BD206D3009C8275 /* Hike.swift in Sources */,
				3F0BE69E2BD20465009C8275 /* RotatedBadgeSymbol.swift in Sources */,
				3FC50E452BE35B5F00D53FAD /* PageView.swift in Sources */,
				3F0BE69C2BD203B1009C8275 /* BadgeSymbol.swift in Sources */,
				3F0BE6C92BD22144009C8275 /* ProfileEditor.swift in Sources */,
				3F70C6422BD0ECA200D4D0F1 /* LandmarkList.swift in Sources */,
				3F0BE6B32BD207BA009C8275 /* HikeView.swift in Sources */,
				3F70C6442BD0EE1500D4D0F1 /* LandmarkDetail.swift in Sources */,
				3FC50E412BE359F700D53FAD /* PageViewController.swift in Sources */,
				3F0BE69A2BD2005A009C8275 /* BadgeBackground.swift in Sources */,
				3F0BE6C72BD215C2009C8275 /* HikeBadge.swift in Sources */,
				3F70C6332BD0E13800D4D0F1 /* CircleImage.swift in Sources */,
				3F70C6392BD0E67800D4D0F1 /* Landmark.swift in Sources */,
				3F70C6402BD0E96300D4D0F1 /* LandmarkRow.swift in Sources */,
				3F70C63B2BD0E86B00D4D0F1 /* ModelData.swift in Sources */,
			);
			runOnlyForDeploymentPostprocessing = 0;
		};
		3FC50E482BE35F7B00D53FAD /* Sources */ = {
			isa = PBXSourcesBuildPhase;
			buildActionMask = 2147483647;
			files = (
				3FC50E512BE35F7B00D53FAD /* ContentView.swift in Sources */,
				3FC50E612BE3646500D53FAD /* ModelData.swift in Sources */,
				3FC50E622BE3646500D53FAD /* Profile.swift in Sources */,
				3FC50E632BE3646500D53FAD /* Hike.swift in Sources */,
				3FC50E642BE3646500D53FAD /* CircleImage.swift in Sources */,
				3FC50E652BE3646500D53FAD /* Landmark.swift in Sources */,
				3FC50E662BE3646500D53FAD /* LandmarksApp.swift in Sources */,
				3FC50E672BE3646500D53FAD /* LandmarkList.swift in Sources */,
				3FC50E682BE3646500D53FAD /* LandmarkRow.swift in Sources */,
				3FC50E732BE367D700D53FAD /* NotificationController.swift in Sources */,
				3FC50E692BE3646500D53FAD /* MapView.swift in Sources */,
				3FC50E6F2BE3655A00D53FAD /* LandmarkDetail.swift in Sources */,
				3FC50E712BE367A400D53FAD /* NotificationView.swift in Sources */,
			);
			runOnlyForDeploymentPostprocessing = 0;
		};
/* End PBXSourcesBuildPhase section */

/* Begin PBXTargetDependency section */
		3FC50E582BE35F7C00D53FAD /* PBXTargetDependency */ = {
			isa = PBXTargetDependency;
			target = 3FC50E4B2BE35F7B00D53FAD /* WatchLandmarks Watch App */;
			targetProxy = 3FC50E572BE35F7C00D53FAD /* PBXContainerItemProxy */;
		};
/* End PBXTargetDependency section */

/* Begin XCBuildConfiguration section */
		3F70C62D2BD0DEC700D4D0F1 /* Debug */ = {
			isa = XCBuildConfiguration;
			buildSettings = {
				ALWAYS_SEARCH_USER_PATHS = NO;
				ASSETCATALOG_COMPILER_GENERATE_SWIFT_ASSET_SYMBOL_EXTENSIONS = YES;
				CLANG_ANALYZER_NONNULL = YES;
				CLANG_ANALYZER_NUMBER_OBJECT_CONVERSION = YES_AGGRESSIVE;
				CLANG_CXX_LANGUAGE_STANDARD = "gnu++20";
				CLANG_ENABLE_MODULES = YES;
				CLANG_ENABLE_OBJC_ARC = YES;
				CLANG_ENABLE_OBJC_WEAK = YES;
				CLANG_WARN_BLOCK_CAPTURE_AUTORELEASING = YES;
				CLANG_WARN_BOOL_CONVERSION = YES;
				CLANG_WARN_COMMA = YES;
				CLANG_WARN_CONSTANT_CONVERSION = YES;
				CLANG_WARN_DEPRECATED_OBJC_IMPLEMENTATIONS = YES;
				CLANG_WARN_DIRECT_OBJC_ISA_USAGE = YES_ERROR;
				CLANG_WARN_DOCUMENTATION_COMMENTS = YES;
				CLANG_WARN_EMPTY_BODY = YES;
				CLANG_WARN_ENUM_CONVERSION = YES;
				CLANG_WARN_INFINITE_RECURSION = YES;
				CLANG_WARN_INT_CONVERSION = YES;
				CLANG_WARN_NON_LITERAL_NULL_CONVERSION = YES;
				CLANG_WARN_OBJC_IMPLICIT_RETAIN_SELF = YES;
				CLANG_WARN_OBJC_LITERAL_CONVERSION = YES;
				CLANG_WARN_OBJC_ROOT_CLASS = YES_ERROR;
				CLANG_WARN_QUOTED_INCLUDE_IN_FRAMEWORK_HEADER = YES;
				CLANG_WARN_RANGE_LOOP_ANALYSIS = YES;
				CLANG_WARN_STRICT_PROTOTYPES = YES;
				CLANG_WARN_SUSPICIOUS_MOVE = YES;
				CLANG_WARN_UNGUARDED_AVAILABILITY = YES_AGGRESSIVE;
				CLANG_WARN_UNREACHABLE_CODE = YES;
				CLANG_WARN__DUPLICATE_METHOD_MATCH = YES;
				COPY_PHASE_STRIP = NO;
				DEBUG_INFORMATION_FORMAT = dwarf;
				ENABLE_STRICT_OBJC_MSGSEND = YES;
				ENABLE_TESTABILITY = YES;
				ENABLE_USER_SCRIPT_SANDBOXING = YES;
				GCC_C_LANGUAGE_STANDARD = gnu17;
				GCC_DYNAMIC_NO_PIC = NO;
				GCC_NO_COMMON_BLOCKS = YES;
				GCC_OPTIMIZATION_LEVEL = 0;
				GCC_PREPROCESSOR_DEFINITIONS = (
					"DEBUG=1",
					"$(inherited)",
				);
				GCC_WARN_64_TO_32_BIT_CONVERSION = YES;
				GCC_WARN_ABOUT_RETURN_TYPE = YES_ERROR;
				GCC_WARN_UNDECLARED_SELECTOR = YES;
				GCC_WARN_UNINITIALIZED_AUTOS = YES_AGGRESSIVE;
				GCC_WARN_UNUSED_FUNCTION = YES;
				GCC_WARN_UNUSED_VARIABLE = YES;
				IPHONEOS_DEPLOYMENT_TARGET = 17.2;
				LOCALIZATION_PREFERS_STRING_CATALOGS = YES;
				MTL_ENABLE_DEBUG_INFO = INCLUDE_SOURCE;
				MTL_FAST_MATH = YES;
				ONLY_ACTIVE_ARCH = YES;
				SDKROOT = iphoneos;
				SWIFT_ACTIVE_COMPILATION_CONDITIONS = "DEBUG $(inherited)";
				SWIFT_OPTIMIZATION_LEVEL = "-Onone";
			};
			name = Debug;
		};
		3F70C62E2BD0DEC700D4D0F1 /* Release */ = {
			isa = XCBuildConfiguration;
			buildSettings = {
				ALWAYS_SEARCH_USER_PATHS = NO;
				ASSETCATALOG_COMPILER_GENERATE_SWIFT_ASSET_SYMBOL_EXTENSIONS = YES;
				CLANG_ANALYZER_NONNULL = YES;
				CLANG_ANALYZER_NUMBER_OBJECT_CONVERSION = YES_AGGRESSIVE;
				CLANG_CXX_LANGUAGE_STANDARD = "gnu++20";
				CLANG_ENABLE_MODULES = YES;
				CLANG_ENABLE_OBJC_ARC = YES;
				CLANG_ENABLE_OBJC_WEAK = YES;
				CLANG_WARN_BLOCK_CAPTURE_AUTORELEASING = YES;
				CLANG_WARN_BOOL_CONVERSION = YES;
				CLANG_WARN_COMMA = YES;
				CLANG_WARN_CONSTANT_CONVERSION = YES;
				CLANG_WARN_DEPRECATED_OBJC_IMPLEMENTATIONS = YES;
				CLANG_WARN_DIRECT_OBJC_ISA_USAGE = YES_ERROR;
				CLANG_WARN_DOCUMENTATION_COMMENTS = YES;
				CLANG_WARN_EMPTY_BODY = YES;
				CLANG_WARN_ENUM_CONVERSION = YES;
				CLANG_WARN_INFINITE_RECURSION = YES;
				CLANG_WARN_INT_CONVERSION = YES;
				CLANG_WARN_NON_LITERAL_NULL_CONVERSION = YES;
				CLANG_WARN_OBJC_IMPLICIT_RETAIN_SELF = YES;
				CLANG_WARN_OBJC_LITERAL_CONVERSION = YES;
				CLANG_WARN_OBJC_ROOT_CLASS = YES_ERROR;
				CLANG_WARN_QUOTED_INCLUDE_IN_FRAMEWORK_HEADER = YES;
				CLANG_WARN_RANGE_LOOP_ANALYSIS = YES;
				CLANG_WARN_STRICT_PROTOTYPES = YES;
				CLANG_WARN_SUSPICIOUS_MOVE = YES;
				CLANG_WARN_UNGUARDED_AVAILABILITY = YES_AGGRESSIVE;
				CLANG_WARN_UNREACHABLE_CODE = YES;
				CLANG_WARN__DUPLICATE_METHOD_MATCH = YES;
				COPY_PHASE_STRIP = NO;
				DEBUG_INFORMATION_FORMAT = "dwarf-with-dsym";
				ENABLE_NS_ASSERTIONS = NO;
				ENABLE_STRICT_OBJC_MSGSEND = YES;
				ENABLE_USER_SCRIPT_SANDBOXING = YES;
				GCC_C_LANGUAGE_STANDARD = gnu17;
				GCC_NO_COMMON_BLOCKS = YES;
				GCC_WARN_64_TO_32_BIT_CONVERSION = YES;
				GCC_WARN_ABOUT_RETURN_TYPE = YES_ERROR;
				GCC_WARN_UNDECLARED_SELECTOR = YES;
				GCC_WARN_UNINITIALIZED_AUTOS = YES_AGGRESSIVE;
				GCC_WARN_UNUSED_FUNCTION = YES;
				GCC_WARN_UNUSED_VARIABLE = YES;
				IPHONEOS_DEPLOYMENT_TARGET = 17.2;
				LOCALIZATION_PREFERS_STRING_CATALOGS = YES;
				MTL_ENABLE_DEBUG_INFO = NO;
				MTL_FAST_MATH = YES;
				SDKROOT = iphoneos;
				SWIFT_COMPILATION_MODE = wholemodule;
				VALIDATE_PRODUCT = YES;
			};
			name = Release;
		};
		3F70C6302BD0DEC700D4D0F1 /* Debug */ = {
			isa = XCBuildConfiguration;
			buildSettings = {
				ALWAYS_EMBED_SWIFT_STANDARD_LIBRARIES = YES;
				ASSETCATALOG_COMPILER_APPICON_NAME = AppIcon;
				ASSETCATALOG_COMPILER_GLOBAL_ACCENT_COLOR_NAME = AccentColor;
				CODE_SIGN_STYLE = Automatic;
				CURRENT_PROJECT_VERSION = 1;
				DEVELOPMENT_ASSET_PATHS = "\"Landmarks/Preview Content\"";
				ENABLE_PREVIEWS = YES;
				GENERATE_INFOPLIST_FILE = YES;
				INFOPLIST_KEY_UIApplicationSceneManifest_Generation = YES;
				INFOPLIST_KEY_UIApplicationSupportsIndirectInputEvents = YES;
				INFOPLIST_KEY_UILaunchScreen_Generation = YES;
				INFOPLIST_KEY_UISupportedInterfaceOrientations_iPad = "UIInterfaceOrientationPortrait UIInterfaceOrientationPortraitUpsideDown UIInterfaceOrientationLandscapeLeft UIInterfaceOrientationLandscapeRight";
				INFOPLIST_KEY_UISupportedInterfaceOrientations_iPhone = "UIInterfaceOrientationPortrait UIInterfaceOrientationLandscapeLeft UIInterfaceOrientationLandscapeRight";
				LD_RUNPATH_SEARCH_PATHS = (
					"$(inherited)",
					"@executable_path/Frameworks",
				);
				MARKETING_VERSION = 1.0;
				PRODUCT_BUNDLE_IDENTIFIER = MAD.Landmarks;
				PRODUCT_NAME = "$(TARGET_NAME)";
				SWIFT_EMIT_LOC_STRINGS = YES;
				SWIFT_VERSION = 5.0;
				TARGETED_DEVICE_FAMILY = "1,2";
			};
			name = Debug;
		};
		3F70C6312BD0DEC700D4D0F1 /* Release */ = {
			isa = XCBuildConfiguration;
			buildSettings = {
				ALWAYS_EMBED_SWIFT_STANDARD_LIBRARIES = YES;
				ASSETCATALOG_COMPILER_APPICON_NAME = AppIcon;
				ASSETCATALOG_COMPILER_GLOBAL_ACCENT_COLOR_NAME = AccentColor;
				CODE_SIGN_STYLE = Automatic;
				CURRENT_PROJECT_VERSION = 1;
				DEVELOPMENT_ASSET_PATHS = "\"Landmarks/Preview Content\"";
				ENABLE_PREVIEWS = YES;
				GENERATE_INFOPLIST_FILE = YES;
				INFOPLIST_KEY_UIApplicationSceneManifest_Generation = YES;
				INFOPLIST_KEY_UIApplicationSupportsIndirectInputEvents = YES;
				INFOPLIST_KEY_UILaunchScreen_Generation = YES;
				INFOPLIST_KEY_UISupportedInterfaceOrientations_iPad = "UIInterfaceOrientationPortrait UIInterfaceOrientationPortraitUpsideDown UIInterfaceOrientationLandscapeLeft UIInterfaceOrientationLandscapeRight";
				INFOPLIST_KEY_UISupportedInterfaceOrientations_iPhone = "UIInterfaceOrientationPortrait UIInterfaceOrientationLandscapeLeft UIInterfaceOrientationLandscapeRight";
				LD_RUNPATH_SEARCH_PATHS = (
					"$(inherited)",
					"@executable_path/Frameworks",
				);
				MARKETING_VERSION = 1.0;
				PRODUCT_BUNDLE_IDENTIFIER = MAD.Landmarks;
				PRODUCT_NAME = "$(TARGET_NAME)";
				SWIFT_EMIT_LOC_STRINGS = YES;
				SWIFT_VERSION = 5.0;
				TARGETED_DEVICE_FAMILY = "1,2";
			};
			name = Release;
		};
		3FC50E5B2BE35F7C00D53FAD /* Debug */ = {
			isa = XCBuildConfiguration;
			buildSettings = {
				ASSETCATALOG_COMPILER_APPICON_NAME = AppIcon;
				ASSETCATALOG_COMPILER_GLOBAL_ACCENT_COLOR_NAME = AccentColor;
				CODE_SIGN_STYLE = Automatic;
				CURRENT_PROJECT_VERSION = 1;
				DEVELOPMENT_ASSET_PATHS = "\"WatchLandmarks Watch App/Preview Content\"";
				ENABLE_PREVIEWS = YES;
				GENERATE_INFOPLIST_FILE = YES;
				INFOPLIST_KEY_CFBundleDisplayName = WatchLandmarks;
				INFOPLIST_KEY_UISupportedInterfaceOrientations = "UIInterfaceOrientationPortrait UIInterfaceOrientationPortraitUpsideDown";
				INFOPLIST_KEY_WKCompanionAppBundleIdentifier = MAD.Landmarks;
				INFOPLIST_KEY_WKRunsIndependentlyOfCompanionApp = YES;
				LD_RUNPATH_SEARCH_PATHS = (
					"$(inherited)",
					"@executable_path/Frameworks",
				);
				MARKETING_VERSION = 1.0;
				PRODUCT_BUNDLE_IDENTIFIER = MAD.Landmarks.watchkitapp;
				PRODUCT_NAME = "$(TARGET_NAME)";
				SDKROOT = watchos;
				SKIP_INSTALL = YES;
				SWIFT_EMIT_LOC_STRINGS = YES;
				SWIFT_VERSION = 5.0;
				TARGETED_DEVICE_FAMILY = 4;
				WATCHOS_DEPLOYMENT_TARGET = 10.4;
			};
			name = Debug;
		};
		3FC50E5C2BE35F7C00D53FAD /* Release */ = {
			isa = XCBuildConfiguration;
			buildSettings = {
				ASSETCATALOG_COMPILER_APPICON_NAME = AppIcon;
				ASSETCATALOG_COMPILER_GLOBAL_ACCENT_COLOR_NAME = AccentColor;
				CODE_SIGN_STYLE = Automatic;
				CURRENT_PROJECT_VERSION = 1;
				DEVELOPMENT_ASSET_PATHS = "\"WatchLandmarks Watch App/Preview Content\"";
				ENABLE_PREVIEWS = YES;
				GENERATE_INFOPLIST_FILE = YES;
				INFOPLIST_KEY_CFBundleDisplayName = WatchLandmarks;
				INFOPLIST_KEY_UISupportedInterfaceOrientations = "UIInterfaceOrientationPortrait UIInterfaceOrientationPortraitUpsideDown";
				INFOPLIST_KEY_WKCompanionAppBundleIdentifier = MAD.Landmarks;
				INFOPLIST_KEY_WKRunsIndependentlyOfCompanionApp = YES;
				LD_RUNPATH_SEARCH_PATHS = (
					"$(inherited)",
					"@executable_path/Frameworks",
				);
				MARKETING_VERSION = 1.0;
				PRODUCT_BUNDLE_IDENTIFIER = MAD.Landmarks.watchkitapp;
				PRODUCT_NAME = "$(TARGET_NAME)";
				SDKROOT = watchos;
				SKIP_INSTALL = YES;
				SWIFT_EMIT_LOC_STRINGS = YES;
				SWIFT_VERSION = 5.0;
				TARGETED_DEVICE_FAMILY = 4;
				WATCHOS_DEPLOYMENT_TARGET = 10.4;
			};
			name = Release;
		};
/* End XCBuildConfiguration section */

/* Begin XCConfigurationList section */
		3F70C61C2BD0DEC500D4D0F1 /* Build configuration list for PBXProject "Landmarks" */ = {
			isa = XCConfigurationList;
			buildConfigurations = (
				3F70C62D2BD0DEC700D4D0F1 /* Debug */,
				3F70C62E2BD0DEC700D4D0F1 /* Release */,
			);
			defaultConfigurationIsVisible = 0;
			defaultConfigurationName = Release;
		};
		3F70C62F2BD0DEC700D4D0F1 /* Build configuration list for PBXNativeTarget "Landmarks" */ = {
			isa = XCConfigurationList;
			buildConfigurations = (
				3F70C6302BD0DEC700D4D0F1 /* Debug */,
				3F70C6312BD0DEC700D4D0F1 /* Release */,
			);
			defaultConfigurationIsVisible = 0;
			defaultConfigurationName = Release;
		};
		3FC50E5A2BE35F7C00D53FAD /* Build configuration list for PBXNativeTarget "WatchLandmarks Watch App" */ = {
			isa = XCConfigurationList;
			buildConfigurations = (
				3FC50E5B2BE35F7C00D53FAD /* Debug */,
				3FC50E5C2BE35F7C00D53FAD /* Release */,
			);
			defaultConfigurationIsVisible = 0;
			defaultConfigurationName = Release;
		};
/* End XCConfigurationList section */
	};
	rootObject = 3F70C6192BD0DEC500D4D0F1 /* Project object */;
}
